{
    "_meta": {
        "hash": {
            "sha256": "3d505b863ed6eed8fdef70bfff1f1858a4f49b316be5870c0ca33f6de9626351"
        },
        "pipfile-spec": 6,
        "requires": {
            "python_full_version": "3.10.12",
            "python_version": "3.10"
        },
        "sources": [
            {
                "name": "pip_conf_index_global",
                "url": "https://pypi.douban.com/simple/",
                "verify_ssl": true
            }
        ]
    },
    "default": {},
    "develop": {}
}
